
Microsoft Visual Studio Solution File, Format Version 12.00
Project("{FAE04EC0-301F-11D3-BF4B-00C04F79EFBC}") = "2.2", "2.2\2.2.csproj", "{6E0D739F-2B57-4563-AA79-DD0366790B4D}"
EndProject
Global
	GlobalSection(SolutionConfigurationPlatforms) = preSolution
		Debug|Any CPU = Debug|Any CPU
		Release|Any CPU = Release|Any CPU
	EndGlobalSection
	GlobalSection(ProjectConfigurationPlatforms) = postSolution
		{6E0D739F-2B57-4563-AA79-DD0366790B4D}.Debug|Any CPU.ActiveCfg = Debug|Any CPU
		{6E0D739F-2B57-4563-AA79-DD0366790B4D}.Debug|Any CPU.Build.0 = Debug|Any CPU
		{6E0D739F-2B57-4563-AA79-DD0366790B4D}.Release|Any CPU.ActiveCfg = Release|Any CPU
		{6E0D739F-2B57-4563-AA79-DD0366790B4D}.Release|Any CPU.Build.0 = Release|Any CPU
	EndGlobalSection
EndGlobal
